
Microsoft Visual Studio Solution File, Format Version 12.00
# Visual Studio Version 16
VisualStudioVersion = 16.0.29613.14
MinimumVisualStudioVersion = 10.0.40219.1
Project("{9A19103F-16F7-4668-BE54-9A1E7A4F7556}") = "TFLTest_AvaisMohammad", "TFLTest_AvaisMohammad\TFLTest_AvaisMohammad.csproj", "{3DEA6414-F5AD-45E7-927B-70E41A8174A5}"
EndProject
Project("{9A19103F-16F7-4668-BE54-9A1E7A4F7556}") = "TFLTest_AvaisMohammad.Tests", "TFLTest_AvaisMohammad.Tests\TFLTest_AvaisMohammad.Tests.csproj", "{30B2E7A6-5A24-4C7C-99F7-A2257A8C985A}"
EndProject
Project("{FAE04EC0-301F-11D3-BF4B-00C04F79EFBC}") = "TFLTest_AvaisMohammad.Specs", "TFLTest_AvaisMohammad.Specs\TFLTest_AvaisMohammad.Specs.csproj", "{7F892CBD-169D-4C29-A293-D10508B231E8}"
EndProject
Global
	GlobalSection(SolutionConfigurationPlatforms) = preSolution
		Debug|Any CPU = Debug|Any CPU
		Release|Any CPU = Release|Any CPU
	EndGlobalSection
	GlobalSection(ProjectConfigurationPlatforms) = postSolution
		{3DEA6414-F5AD-45E7-927B-70E41A8174A5}.Debug|Any CPU.ActiveCfg = Debug|Any CPU
		{3DEA6414-F5AD-45E7-927B-70E41A8174A5}.Debug|Any CPU.Build.0 = Debug|Any CPU
		{3DEA6414-F5AD-45E7-927B-70E41A8174A5}.Release|Any CPU.ActiveCfg = Release|Any CPU
		{3DEA6414-F5AD-45E7-927B-70E41A8174A5}.Release|Any CPU.Build.0 = Release|Any CPU
		{30B2E7A6-5A24-4C7C-99F7-A2257A8C985A}.Debug|Any CPU.ActiveCfg = Debug|Any CPU
		{30B2E7A6-5A24-4C7C-99F7-A2257A8C985A}.Debug|Any CPU.Build.0 = Debug|Any CPU
		{30B2E7A6-5A24-4C7C-99F7-A2257A8C985A}.Release|Any CPU.ActiveCfg = Release|Any CPU
		{30B2E7A6-5A24-4C7C-99F7-A2257A8C985A}.Release|Any CPU.Build.0 = Release|Any CPU
		{7F892CBD-169D-4C29-A293-D10508B231E8}.Debug|Any CPU.ActiveCfg = Debug|Any CPU
		{7F892CBD-169D-4C29-A293-D10508B231E8}.Debug|Any CPU.Build.0 = Debug|Any CPU
		{7F892CBD-169D-4C29-A293-D10508B231E8}.Release|Any CPU.ActiveCfg = Release|Any CPU
		{7F892CBD-169D-4C29-A293-D10508B231E8}.Release|Any CPU.Build.0 = Release|Any CPU
	EndGlobalSection
	GlobalSection(SolutionProperties) = preSolution
		HideSolutionNode = FALSE
	EndGlobalSection
	GlobalSection(ExtensibilityGlobals) = postSolution
		SolutionGuid = {D4EAF748-9A27-4B0F-A626-002E3EA5C684}
	EndGlobalSection
EndGlobal
